
Microsoft Visual Studio Solution File, Format Version 12.00
# Visual Studio 15
VisualStudioVersion = 15.0.28307.1000
MinimumVisualStudioVersion = 10.0.40219.1
Project("{FAE04EC0-301F-11D3-BF4B-00C04F79EFBC}") = "SWAPICO", "SWAPICO\SWAPICO.csproj", "{A384E07B-E424-4FF2-8183-A9E7B90C5011}"
EndProject
Global
	GlobalSection(SolutionConfigurationPlatforms) = preSolution
		Debug|Any CPU = Debug|Any CPU
		Release|Any CPU = Release|Any CPU
	EndGlobalSection
	GlobalSection(ProjectConfigurationPlatforms) = postSolution
		{A384E07B-E424-4FF2-8183-A9E7B90C5011}.Debug|Any CPU.ActiveCfg = Debug|Any CPU
		{A384E07B-E424-4FF2-8183-A9E7B90C5011}.Debug|Any CPU.Build.0 = Debug|Any CPU
		{A384E07B-E424-4FF2-8183-A9E7B90C5011}.Release|Any CPU.ActiveCfg = Release|Any CPU
		{A384E07B-E424-4FF2-8183-A9E7B90C5011}.Release|Any CPU.Build.0 = Release|Any CPU
	EndGlobalSection
	GlobalSection(SolutionProperties) = preSolution
		HideSolutionNode = FALSE
	EndGlobalSection
	GlobalSection(ExtensibilityGlobals) = postSolution
		SolutionGuid = {608877FB-3502-4866-9E56-7F23892F0E12}
	EndGlobalSection
EndGlobal
